Microsoft Visual Studio Solution File, Format Version 12.00
# Visual Studio Version 17
VisualStudioVersion = 17.0.31903.59
MinimumVisualStudioVersion = 10.0.40219.1
Project("{FAE04EC0-301F-11D3-BF4B-00C04F79EFBC}") = "ServiceTemplate.Api", "ServiceTemplate.Api\ServiceTemplate.Api.csproj", "{D3510001-0000-4A00-8100-000000000001}"
EndProject
Project("{FAE04EC0-301F-11D3-BF4B-00C04F79EFBC}") = "ServiceTemplate.Application", "ServiceTemplate.Application\ServiceTemplate.Application.csproj", "{D3510001-0000-4A00-8100-000000000002}"
EndProject
Project("{FAE04EC0-301F-11D3-BF4B-00C04F79EFBC}") = "ServiceTemplate.Domain", "ServiceTemplate.Domain\ServiceTemplate.Domain.csproj", "{D3510001-0000-4A00-8100-000000000003}"
EndProject
Project("{FAE04EC0-301F-11D3-BF4B-00C04F79EFBC}") = "ServiceTemplate.Infrastructure", "ServiceTemplate.Infrastructure\ServiceTemplate.Infrastructure.csproj", "{D3510001-0000-4A00-8100-000000000004}"
EndProject
Project("{FAE04EC0-301F-11D3-BF4B-00C04F79EFBC}") = "ServiceTemplate.Contracts", "ServiceTemplate.Contracts\ServiceTemplate.Contracts.csproj", "{D3510001-0000-4A00-8100-000000000005}"
EndProject
Global
	GlobalSection(SolutionConfigurationPlatforms) = preSolution
		Debug|Any CPU = Debug|Any CPU
		Release|Any CPU = Release|Any CPU
	EndGlobalSection
	GlobalSection(ProjectConfigurationPlatforms) = postSolution
		{D3510001-0000-4A00-8100-000000000001}.Debug|Any CPU.ActiveCfg = Debug|Any CPU
		{D3510001-0000-4A00-8100-000000000001}.Debug|Any CPU.Build.0 = Debug|Any CPU
		{D3510001-0000-4A00-8100-000000000001}.Release|Any CPU.ActiveCfg = Release|Any CPU
		{D3510001-0000-4A00-8100-000000000001}.Release|Any CPU.Build.0 = Release|Any CPU
		{D3510001-0000-4A00-8100-000000000002}.Debug|Any CPU.ActiveCfg = Debug|Any CPU
		{D3510001-0000-4A00-8100-000000000002}.Debug|Any CPU.Build.0 = Debug|Any CPU
		{D3510001-0000-4A00-8100-000000000002}.Release|Any CPU.ActiveCfg = Release|Any CPU
		{D3510001-0000-4A00-8100-000000000002}.Release|Any CPU.Build.0 = Release|Any CPU
		{D3510001-0000-4A00-8100-000000000003}.Debug|Any CPU.ActiveCfg = Debug|Any CPU
		{D3510001-0000-4A00-8100-000000000003}.Debug|Any CPU.Build.0 = Debug|Any CPU
		{D3510001-0000-4A00-8100-000000000003}.Release|Any CPU.ActiveCfg = Release|Any CPU
		{D3510001-0000-4A00-8100-000000000003}.Release|Any CPU.Build.0 = Release|Any CPU
		{D3510001-0000-4A00-8100-000000000004}.Debug|Any CPU.ActiveCfg = Debug|Any CPU
		{D3510001-0000-4A00-8100-000000000004}.Debug|Any CPU.Build.0 = Debug|Any CPU
		{D3510001-0000-4A00-8100-000000000004}.Release|Any CPU.ActiveCfg = Release|Any CPU
		{D3510001-0000-4A00-8100-000000000004}.Release|Any CPU.Build.0 = Release|Any CPU
		{D3510001-0000-4A00-8100-000000000005}.Debug|Any CPU.ActiveCfg = Debug|Any CPU
		{D3510001-0000-4A00-8100-000000000005}.Debug|Any CPU.Build.0 = Debug|Any CPU
		{D3510001-0000-4A00-8100-000000000005}.Release|Any CPU.ActiveCfg = Release|Any CPU
		{D3510001-0000-4A00-8100-000000000005}.Release|Any CPU.Build.0 = Release|Any CPU
	EndGlobalSection
EndGlobal
