Microsoft Visual Studio Solution File, Format Version 12.00
# Visual Studio Version 17
VisualStudioVersion = 17.0.31903.59
MinimumVisualStudioVersion = 10.0.40219.1
Project("{FAE04EC0-301F-11D3-BF4B-00C04F79EFBC}") = "FinancialAssistant.PublicApiGateway", "backend\gateways\public-api-gateway\FinancialAssistant.PublicApiGateway\FinancialAssistant.PublicApiGateway.csproj", "{A1B2C3D4-1111-4111-8111-111111111111}"
EndProject
Project("{FAE04EC0-301F-11D3-BF4B-00C04F79EFBC}") = "FinancialAssistant.PublicApiGateway.Tests", "backend\gateways\public-api-gateway\FinancialAssistant.PublicApiGateway.Tests\FinancialAssistant.PublicApiGateway.Tests.csproj", "{A1B2C3D4-2222-4222-8222-222222222222}"
EndProject
Project("{FAE04EC0-301F-11D3-BF4B-00C04F79EFBC}") = "FinancialAssistant.Identity.Api", "backend\services\identity\FinancialAssistant.Identity.Api\FinancialAssistant.Identity.Api.csproj", "{A1B2C3D4-3333-4333-8333-333333333333}"
EndProject
Project("{FAE04EC0-301F-11D3-BF4B-00C04F79EFBC}") = "FinancialAssistant.Identity.Application", "backend\services\identity\FinancialAssistant.Identity.Application\FinancialAssistant.Identity.Application.csproj", "{A1B2C3D4-4444-4444-8444-444444444444}"
EndProject
Project("{FAE04EC0-301F-11D3-BF4B-00C04F79EFBC}") = "FinancialAssistant.Identity.Domain", "backend\services\identity\FinancialAssistant.Identity.Domain\FinancialAssistant.Identity.Domain.csproj", "{A1B2C3D4-5555-4555-8555-555555555555}"
EndProject
Project("{FAE04EC0-301F-11D3-BF4B-00C04F79EFBC}") = "FinancialAssistant.Identity.Infrastructure", "backend\services\identity\FinancialAssistant.Identity.Infrastructure\FinancialAssistant.Identity.Infrastructure.csproj", "{A1B2C3D4-6666-4666-8666-666666666666}"
EndProject
Project("{FAE04EC0-301F-11D3-BF4B-00C04F79EFBC}") = "FinancialAssistant.Identity.Contracts", "backend\services\identity\FinancialAssistant.Identity.Contracts\FinancialAssistant.Identity.Contracts.csproj", "{A1B2C3D4-7777-4777-8777-777777777777}"
EndProject
Project("{FAE04EC0-301F-11D3-BF4B-00C04F79EFBC}") = "FinancialAssistant.Identity.Tests", "backend\services\identity\FinancialAssistant.Identity.Tests\FinancialAssistant.Identity.Tests.csproj", "{A1B2C3D4-8888-4888-8888-888888888888}"
EndProject
Project("{FAE04EC0-301F-11D3-BF4B-00C04F79EFBC}") = "FinancialAssistant.Repository.Tests", "tests\FinancialAssistant.Repository.Tests\FinancialAssistant.Repository.Tests.csproj", "{A1B2C3D4-9999-4999-8999-999999999999}"
EndProject
Project("{FAE04EC0-301F-11D3-BF4B-00C04F79EFBC}") = "ServiceTemplate.Api", "backend\templates\service-template\ServiceTemplate.Api\ServiceTemplate.Api.csproj", "{D3510001-0000-4A00-8100-000000000001}"
EndProject
Project("{FAE04EC0-301F-11D3-BF4B-00C04F79EFBC}") = "ServiceTemplate.Application", "backend\templates\service-template\ServiceTemplate.Application\ServiceTemplate.Application.csproj", "{D3510001-0000-4A00-8100-000000000002}"
EndProject
Project("{FAE04EC0-301F-11D3-BF4B-00C04F79EFBC}") = "ServiceTemplate.Domain", "backend\templates\service-template\ServiceTemplate.Domain\ServiceTemplate.Domain.csproj", "{D3510001-0000-4A00-8100-000000000003}"
EndProject
Project("{FAE04EC0-301F-11D3-BF4B-00C04F79EFBC}") = "ServiceTemplate.Infrastructure", "backend\templates\service-template\ServiceTemplate.Infrastructure\ServiceTemplate.Infrastructure.csproj", "{D3510001-0000-4A00-8100-000000000004}"
EndProject
Project("{FAE04EC0-301F-11D3-BF4B-00C04F79EFBC}") = "ServiceTemplate.Contracts", "backend\templates\service-template\ServiceTemplate.Contracts\ServiceTemplate.Contracts.csproj", "{D3510001-0000-4A00-8100-000000000005}"
EndProject
Global
	GlobalSection(SolutionConfigurationPlatforms) = preSolution
		Debug|Any CPU = Debug|Any CPU
		Release|Any CPU = Release|Any CPU
	EndGlobalSection
	GlobalSection(ProjectConfigurationPlatforms) = postSolution
		{A1B2C3D4-1111-4111-8111-111111111111}.Debug|Any CPU.ActiveCfg = Debug|Any CPU
		{A1B2C3D4-1111-4111-8111-111111111111}.Debug|Any CPU.Build.0 = Debug|Any CPU
		{A1B2C3D4-1111-4111-8111-111111111111}.Release|Any CPU.ActiveCfg = Release|Any CPU
		{A1B2C3D4-1111-4111-8111-111111111111}.Release|Any CPU.Build.0 = Release|Any CPU
		{A1B2C3D4-2222-4222-8222-222222222222}.Debug|Any CPU.ActiveCfg = Debug|Any CPU
		{A1B2C3D4-2222-4222-8222-222222222222}.Debug|Any CPU.Build.0 = Debug|Any CPU
		{A1B2C3D4-2222-4222-8222-222222222222}.Release|Any CPU.ActiveCfg = Release|Any CPU
		{A1B2C3D4-2222-4222-8222-222222222222}.Release|Any CPU.Build.0 = Release|Any CPU
		{A1B2C3D4-3333-4333-8333-333333333333}.Debug|Any CPU.ActiveCfg = Debug|Any CPU
		{A1B2C3D4-3333-4333-8333-333333333333}.Debug|Any CPU.Build.0 = Debug|Any CPU
		{A1B2C3D4-3333-4333-8333-333333333333}.Release|Any CPU.ActiveCfg = Release|Any CPU
		{A1B2C3D4-3333-4333-8333-333333333333}.Release|Any CPU.Build.0 = Release|Any CPU
		{A1B2C3D4-4444-4444-8444-444444444444}.Debug|Any CPU.ActiveCfg = Debug|Any CPU
		{A1B2C3D4-4444-4444-8444-444444444444}.Debug|Any CPU.Build.0 = Debug|Any CPU
		{A1B2C3D4-4444-4444-8444-444444444444}.Release|Any CPU.ActiveCfg = Release|Any CPU
		{A1B2C3D4-4444-4444-8444-444444444444}.Release|Any CPU.Build.0 = Release|Any CPU
		{A1B2C3D4-5555-4555-8555-555555555555}.Debug|Any CPU.ActiveCfg = Debug|Any CPU
		{A1B2C3D4-5555-4555-8555-555555555555}.Debug|Any CPU.Build.0 = Debug|Any CPU
		{A1B2C3D4-5555-4555-8555-555555555555}.Release|Any CPU.ActiveCfg = Release|Any CPU
		{A1B2C3D4-5555-4555-8555-555555555555}.Release|Any CPU.Build.0 = Release|Any CPU
		{A1B2C3D4-6666-4666-8666-666666666666}.Debug|Any CPU.ActiveCfg = Debug|Any CPU
		{A1B2C3D4-6666-4666-8666-666666666666}.Debug|Any CPU.Build.0 = Debug|Any CPU
		{A1B2C3D4-6666-4666-8666-666666666666}.Release|Any CPU.ActiveCfg = Release|Any CPU
		{A1B2C3D4-6666-4666-8666-666666666666}.Release|Any CPU.Build.0 = Release|Any CPU
		{A1B2C3D4-7777-4777-8777-777777777777}.Debug|Any CPU.ActiveCfg = Debug|Any CPU
		{A1B2C3D4-7777-4777-8777-777777777777}.Debug|Any CPU.Build.0 = Debug|Any CPU
		{A1B2C3D4-7777-4777-8777-777777777777}.Release|Any CPU.ActiveCfg = Release|Any CPU
		{A1B2C3D4-7777-4777-8777-777777777777}.Release|Any CPU.Build.0 = Release|Any CPU
		{A1B2C3D4-8888-4888-8888-888888888888}.Debug|Any CPU.ActiveCfg = Debug|Any CPU
		{A1B2C3D4-8888-4888-8888-888888888888}.Debug|Any CPU.Build.0 = Debug|Any CPU
		{A1B2C3D4-8888-4888-8888-888888888888}.Release|Any CPU.ActiveCfg = Release|Any CPU
		{A1B2C3D4-8888-4888-8888-888888888888}.Release|Any CPU.Build.0 = Release|Any CPU
		{A1B2C3D4-9999-4999-8999-999999999999}.Debug|Any CPU.ActiveCfg = Debug|Any CPU
		{A1B2C3D4-9999-4999-8999-999999999999}.Debug|Any CPU.Build.0 = Debug|Any CPU
		{A1B2C3D4-9999-4999-8999-999999999999}.Release|Any CPU.ActiveCfg = Release|Any CPU
		{A1B2C3D4-9999-4999-8999-999999999999}.Release|Any CPU.Build.0 = Release|Any CPU
		{D3510001-0000-4A00-8100-000000000001}.Debug|Any CPU.ActiveCfg = Debug|Any CPU
		{D3510001-0000-4A00-8100-000000000001}.Debug|Any CPU.Build.0 = Debug|Any CPU
		{D3510001-0000-4A00-8100-000000000001}.Release|Any CPU.ActiveCfg = Release|Any CPU
		{D3510001-0000-4A00-8100-000000000001}.Release|Any CPU.Build.0 = Release|Any CPU
		{D3510001-0000-4A00-8100-000000000002}.Debug|Any CPU.ActiveCfg = Debug|Any CPU
		{D3510001-0000-4A00-8100-000000000002}.Debug|Any CPU.Build.0 = Debug|Any CPU
		{D3510001-0000-4A00-8100-000000000002}.Release|Any CPU.ActiveCfg = Release|Any CPU
		{D3510001-0000-4A00-8100-000000000002}.Release|Any CPU.Build.0 = Release|Any CPU
		{D3510001-0000-4A00-8100-000000000003}.Debug|Any CPU.ActiveCfg = Debug|Any CPU
		{D3510001-0000-4A00-8100-000000000003}.Debug|Any CPU.Build.0 = Debug|Any CPU
		{D3510001-0000-4A00-8100-000000000003}.Release|Any CPU.ActiveCfg = Release|Any CPU
		{D3510001-0000-4A00-8100-000000000003}.Release|Any CPU.Build.0 = Release|Any CPU
		{D3510001-0000-4A00-8100-000000000004}.Debug|Any CPU.ActiveCfg = Debug|Any CPU
		{D3510001-0000-4A00-8100-000000000004}.Debug|Any CPU.Build.0 = Debug|Any CPU
		{D3510001-0000-4A00-8100-000000000004}.Release|Any CPU.ActiveCfg = Release|Any CPU
		{D3510001-0000-4A00-8100-000000000004}.Release|Any CPU.Build.0 = Release|Any CPU
		{D3510001-0000-4A00-8100-000000000005}.Debug|Any CPU.ActiveCfg = Debug|Any CPU
		{D3510001-0000-4A00-8100-000000000005}.Debug|Any CPU.Build.0 = Debug|Any CPU
		{D3510001-0000-4A00-8100-000000000005}.Release|Any CPU.ActiveCfg = Release|Any CPU
		{D3510001-0000-4A00-8100-000000000005}.Release|Any CPU.Build.0 = Release|Any CPU
	EndGlobalSection
EndGlobal
