Microsoft Visual Studio Solution File, Format Version 12.00
# Visual Studio Version 17
VisualStudioVersion = 17.0.31903.59
MinimumVisualStudioVersion = 10.0.40219.1
Project("{FAE04EC0-301F-11D3-BF4B-00C04F79EFBC}") = "FinancialAssistant.PublicApiGateway", "backend\gateways\public-api-gateway\FinancialAssistant.PublicApiGateway\FinancialAssistant.PublicApiGateway.csproj", "{A1B2C3D4-1111-4111-8111-111111111111}"
EndProject
Project("{FAE04EC0-301F-11D3-BF4B-00C04F79EFBC}") = "FinancialAssistant.PublicApiGateway.Tests", "backend\gateways\public-api-gateway\FinancialAssistant.PublicApiGateway.Tests\FinancialAssistant.PublicApiGateway.Tests.csproj", "{A1B2C3D4-2222-4222-8222-222222222222}"
EndProject
Project("{FAE04EC0-301F-11D3-BF4B-00C04F79EFBC}") = "FinancialAssistant.Identity.Api", "backend\services\identity\FinancialAssistant.Identity.Api\FinancialAssistant.Identity.Api.csproj", "{A1B2C3D4-3333-4333-8333-333333333333}"
EndProject
Project("{FAE04EC0-301F-11D3-BF4B-00C04F79EFBC}") = "FinancialAssistant.Identity.Application", "backend\services\identity\FinancialAssistant.Identity.Application\FinancialAssistant.Identity.Application.csproj", "{A1B2C3D4-4444-4444-8444-444444444444}"
EndProject
Project("{FAE04EC0-301F-11D3-BF4B-00C04F79EFBC}") = "FinancialAssistant.Identity.Domain", "backend\services\identity\FinancialAssistant.Identity.Domain\FinancialAssistant.Identity.Domain.csproj", "{A1B2C3D4-5555-4555-8555-555555555555}"
EndProject
Project("{FAE04EC0-301F-11D3-BF4B-00C04F79EFBC}") = "FinancialAssistant.Identity.Infrastructure", "backend\services\identity\FinancialAssistant.Identity.Infrastructure\FinancialAssistant.Identity.Infrastructure.csproj", "{A1B2C3D4-6666-4666-8666-666666666666}"
EndProject
Project("{FAE04EC0-301F-11D3-BF4B-00C04F79EFBC}") = "FinancialAssistant.Identity.Contracts", "backend\services\identity\FinancialAssistant.Identity.Contracts\FinancialAssistant.Identity.Contracts.csproj", "{A1B2C3D4-7777-4777-8777-777777777777}"
EndProject
Project("{FAE04EC0-301F-11D3-BF4B-00C04F79EFBC}") = "FinancialAssistant.Identity.Tests", "backend\services\identity\FinancialAssistant.Identity.Tests\FinancialAssistant.Identity.Tests.csproj", "{A1B2C3D4-8888-4888-8888-888888888888}"
EndProject
Project("{FAE04EC0-301F-11D3-BF4B-00C04F79EFBC}") = "FinancialAssistant.Profile.Api", "backend\services\profile\FinancialAssistant.Profile.Api\FinancialAssistant.Profile.Api.csproj", "{B2C30001-1919-4A00-9100-000000000001}"
EndProject
Project("{FAE04EC0-301F-11D3-BF4B-00C04F79EFBC}") = "FinancialAssistant.Profile.Application", "backend\services\profile\FinancialAssistant.Profile.Application\FinancialAssistant.Profile.Application.csproj", "{B2C30001-1919-4A00-9100-000000000002}"
EndProject
Project("{FAE04EC0-301F-11D3-BF4B-00C04F79EFBC}") = "FinancialAssistant.Profile.Domain", "backend\services\profile\FinancialAssistant.Profile.Domain\FinancialAssistant.Profile.Domain.csproj", "{B2C30001-1919-4A00-9100-000000000003}"
EndProject
Project("{FAE04EC0-301F-11D3-BF4B-00C04F79EFBC}") = "FinancialAssistant.Profile.Infrastructure", "backend\services\profile\FinancialAssistant.Profile.Infrastructure\FinancialAssistant.Profile.Infrastructure.csproj", "{B2C30001-1919-4A00-9100-000000000004}"
EndProject
Project("{FAE04EC0-301F-11D3-BF4B-00C04F79EFBC}") = "FinancialAssistant.Profile.Contracts", "backend\services\profile\FinancialAssistant.Profile.Contracts\FinancialAssistant.Profile.Contracts.csproj", "{B2C30001-1919-4A00-9100-000000000005}"
EndProject
Project("{FAE04EC0-301F-11D3-BF4B-00C04F79EFBC}") = "FinancialAssistant.Profile.Tests", "backend\services\profile\FinancialAssistant.Profile.Tests\FinancialAssistant.Profile.Tests.csproj", "{B2C30001-1919-4A00-9100-000000000006}"
EndProject
Project("{FAE04EC0-301F-11D3-BF4B-00C04F79EFBC}") = "FinancialAssistant.Repository.Tests", "tests\FinancialAssistant.Repository.Tests\FinancialAssistant.Repository.Tests.csproj", "{A1B2C3D4-9999-4999-8999-999999999999}"
EndProject
Project("{FAE04EC0-301F-11D3-BF4B-00C04F79EFBC}") = "ServiceTemplate.Api", "backend\templates\service-template\ServiceTemplate.Api\ServiceTemplate.Api.csproj", "{D3510001-0000-4A00-8100-000000000001}"
EndProject
Project("{FAE04EC0-301F-11D3-BF4B-00C04F79EFBC}") = "ServiceTemplate.Application", "backend\templates\service-template\ServiceTemplate.Application\ServiceTemplate.Application.csproj", "{D3510001-0000-4A00-8100-000000000002}"
EndProject
Project("{FAE04EC0-301F-11D3-BF4B-00C04F79EFBC}") = "ServiceTemplate.Domain", "backend\templates\service-template\ServiceTemplate.Domain\ServiceTemplate.Domain.csproj", "{D3510001-0000-4A00-8100-000000000003}"
EndProject
Project("{FAE04EC0-301F-11D3-BF4B-00C04F79EFBC}") = "ServiceTemplate.Infrastructure", "backend\templates\service-template\ServiceTemplate.Infrastructure\ServiceTemplate.Infrastructure.csproj", "{D3510001-0000-4A00-8100-000000000004}"
EndProject
Project("{FAE04EC0-301F-11D3-BF4B-00C04F79EFBC}") = "ServiceTemplate.Contracts", "backend\templates\service-template\ServiceTemplate.Contracts\ServiceTemplate.Contracts.csproj", "{D3510001-0000-4A00-8100-000000000005}"
EndProject
Project("{FAE04EC0-301F-11D3-BF4B-00C04F79EFBC}") = "FinancialAssistant.Category.Api", "backend\services\category\FinancialAssistant.Category.Api\FinancialAssistant.Category.Api.csproj", "{EE099146-8FD5-4191-9EAF-EE1776FCB25F}"
EndProject
Project("{FAE04EC0-301F-11D3-BF4B-00C04F79EFBC}") = "FinancialAssistant.Category.Application", "backend\services\category\FinancialAssistant.Category.Application\FinancialAssistant.Category.Application.csproj", "{D7C544B6-FB48-40DE-B7FA-EABB9136B663}"
EndProject
Project("{FAE04EC0-301F-11D3-BF4B-00C04F79EFBC}") = "FinancialAssistant.Category.Contracts", "backend\services\category\FinancialAssistant.Category.Contracts\FinancialAssistant.Category.Contracts.csproj", "{1F3A9817-B9CE-490C-97A5-DFF386DFB90F}"
EndProject
Project("{FAE04EC0-301F-11D3-BF4B-00C04F79EFBC}") = "FinancialAssistant.Category.Domain", "backend\services\category\FinancialAssistant.Category.Domain\FinancialAssistant.Category.Domain.csproj", "{00AECE15-A760-4951-9A00-3E6CEDCC6DB7}"
EndProject
Project("{FAE04EC0-301F-11D3-BF4B-00C04F79EFBC}") = "FinancialAssistant.Category.Infrastructure", "backend\services\category\FinancialAssistant.Category.Infrastructure\FinancialAssistant.Category.Infrastructure.csproj", "{0512098E-1C5C-4161-8BD3-8D0531E173A4}"
EndProject
Project("{FAE04EC0-301F-11D3-BF4B-00C04F79EFBC}") = "FinancialAssistant.Category.Tests", "backend\services\category\FinancialAssistant.Category.Tests\FinancialAssistant.Category.Tests.csproj", "{C28C9FCA-3FD8-4DB9-9169-86B22F16893D}"
EndProject
Project("{FAE04EC0-301F-11D3-BF4B-00C04F79EFBC}") = "FinancialAssistant.TransactionIntake.Api", "backend\services\transaction-intake\FinancialAssistant.TransactionIntake.Api\FinancialAssistant.TransactionIntake.Api.csproj", "{4FD15733-E9CE-49D2-A292-37CC8D9D3D2F}"
EndProject
Project("{FAE04EC0-301F-11D3-BF4B-00C04F79EFBC}") = "FinancialAssistant.TransactionIntake.Application", "backend\services\transaction-intake\FinancialAssistant.TransactionIntake.Application\FinancialAssistant.TransactionIntake.Application.csproj", "{46933C94-1C5C-49F9-BB2E-8209AAEF6F9D}"
EndProject
Project("{FAE04EC0-301F-11D3-BF4B-00C04F79EFBC}") = "FinancialAssistant.TransactionIntake.Contracts", "backend\services\transaction-intake\FinancialAssistant.TransactionIntake.Contracts\FinancialAssistant.TransactionIntake.Contracts.csproj", "{A0350C16-DC83-45FF-AD4E-78807F1C44D1}"
EndProject
Project("{FAE04EC0-301F-11D3-BF4B-00C04F79EFBC}") = "FinancialAssistant.TransactionIntake.Domain", "backend\services\transaction-intake\FinancialAssistant.TransactionIntake.Domain\FinancialAssistant.TransactionIntake.Domain.csproj", "{09A7D289-744A-49C7-B2C4-6034C1F37AED}"
EndProject
Project("{FAE04EC0-301F-11D3-BF4B-00C04F79EFBC}") = "FinancialAssistant.TransactionIntake.Infrastructure", "backend\services\transaction-intake\FinancialAssistant.TransactionIntake.Infrastructure\FinancialAssistant.TransactionIntake.Infrastructure.csproj", "{E2B48F5F-642E-44EF-B1CF-3C51BAA701E9}"
EndProject
Project("{FAE04EC0-301F-11D3-BF4B-00C04F79EFBC}") = "FinancialAssistant.TransactionIntake.Tests", "backend\services\transaction-intake\FinancialAssistant.TransactionIntake.Tests\FinancialAssistant.TransactionIntake.Tests.csproj", "{3C096E46-6611-42B1-8EA4-7D2E7C4C5B7E}"
EndProject
Project("{FAE04EC0-301F-11D3-BF4B-00C04F79EFBC}") = "FinancialAssistant.Income.Application", "backend\services\income\FinancialAssistant.Income.Application\FinancialAssistant.Income.Application.csproj", "{46721B74-C025-42A9-B359-A495A2DAD85A}"
EndProject
Project("{FAE04EC0-301F-11D3-BF4B-00C04F79EFBC}") = "FinancialAssistant.Income.Domain", "backend\services\income\FinancialAssistant.Income.Domain\FinancialAssistant.Income.Domain.csproj", "{8B5C717A-E86C-4E5E-9320-440921F10CE8}"
EndProject
Project("{FAE04EC0-301F-11D3-BF4B-00C04F79EFBC}") = "FinancialAssistant.Income.Infrastructure", "backend\services\income\FinancialAssistant.Income.Infrastructure\FinancialAssistant.Income.Infrastructure.csproj", "{F6BBADBD-5CF9-43B7-8074-41CF1D659BAD}"
EndProject
Project("{FAE04EC0-301F-11D3-BF4B-00C04F79EFBC}") = "FinancialAssistant.Expense.Application", "backend\services\expense\FinancialAssistant.Expense.Application\FinancialAssistant.Expense.Application.csproj", "{3688771A-2116-4D6F-B2C7-88F678DCE4A4}"
EndProject
Project("{FAE04EC0-301F-11D3-BF4B-00C04F79EFBC}") = "FinancialAssistant.Expense.Domain", "backend\services\expense\FinancialAssistant.Expense.Domain\FinancialAssistant.Expense.Domain.csproj", "{D1D18CCD-F2F5-4617-AC4C-3667138309C9}"
EndProject
Project("{FAE04EC0-301F-11D3-BF4B-00C04F79EFBC}") = "FinancialAssistant.Expense.Infrastructure", "backend\services\expense\FinancialAssistant.Expense.Infrastructure\FinancialAssistant.Expense.Infrastructure.csproj", "{E3B771EC-3A10-4978-A4A4-DB16C313A3DE}"
EndProject
Global
	GlobalSection(SolutionConfigurationPlatforms) = preSolution
		Debug|Any CPU = Debug|Any CPU
		Release|Any CPU = Release|Any CPU
	EndGlobalSection
	GlobalSection(ProjectConfigurationPlatforms) = postSolution
		{A1B2C3D4-1111-4111-8111-111111111111}.Debug|Any CPU.ActiveCfg = Debug|Any CPU
		{A1B2C3D4-1111-4111-8111-111111111111}.Debug|Any CPU.Build.0 = Debug|Any CPU
		{A1B2C3D4-1111-4111-8111-111111111111}.Release|Any CPU.ActiveCfg = Release|Any CPU
		{A1B2C3D4-1111-4111-8111-111111111111}.Release|Any CPU.Build.0 = Release|Any CPU
		{A1B2C3D4-2222-4222-8222-222222222222}.Debug|Any CPU.ActiveCfg = Debug|Any CPU
		{A1B2C3D4-2222-4222-8222-222222222222}.Debug|Any CPU.Build.0 = Debug|Any CPU
		{A1B2C3D4-2222-4222-8222-222222222222}.Release|Any CPU.ActiveCfg = Release|Any CPU
		{A1B2C3D4-2222-4222-8222-222222222222}.Release|Any CPU.Build.0 = Release|Any CPU
		{A1B2C3D4-3333-4333-8333-333333333333}.Debug|Any CPU.ActiveCfg = Debug|Any CPU
		{A1B2C3D4-3333-4333-8333-333333333333}.Debug|Any CPU.Build.0 = Debug|Any CPU
		{A1B2C3D4-3333-4333-8333-333333333333}.Release|Any CPU.ActiveCfg = Release|Any CPU
		{A1B2C3D4-3333-4333-8333-333333333333}.Release|Any CPU.Build.0 = Release|Any CPU
		{A1B2C3D4-4444-4444-8444-444444444444}.Debug|Any CPU.ActiveCfg = Debug|Any CPU
		{A1B2C3D4-4444-4444-8444-444444444444}.Debug|Any CPU.Build.0 = Debug|Any CPU
		{A1B2C3D4-4444-4444-8444-444444444444}.Release|Any CPU.ActiveCfg = Release|Any CPU
		{A1B2C3D4-4444-4444-8444-444444444444}.Release|Any CPU.Build.0 = Release|Any CPU
		{A1B2C3D4-5555-4555-8555-555555555555}.Debug|Any CPU.ActiveCfg = Debug|Any CPU
		{A1B2C3D4-5555-4555-8555-555555555555}.Debug|Any CPU.Build.0 = Debug|Any CPU
		{A1B2C3D4-5555-4555-8555-555555555555}.Release|Any CPU.ActiveCfg = Release|Any CPU
		{A1B2C3D4-5555-4555-8555-555555555555}.Release|Any CPU.Build.0 = Release|Any CPU
		{A1B2C3D4-6666-4666-8666-666666666666}.Debug|Any CPU.ActiveCfg = Debug|Any CPU
		{A1B2C3D4-6666-4666-8666-666666666666}.Debug|Any CPU.Build.0 = Debug|Any CPU
		{A1B2C3D4-6666-4666-8666-666666666666}.Release|Any CPU.ActiveCfg = Release|Any CPU
		{A1B2C3D4-6666-4666-8666-666666666666}.Release|Any CPU.Build.0 = Release|Any CPU
		{A1B2C3D4-7777-4777-8777-777777777777}.Debug|Any CPU.ActiveCfg = Debug|Any CPU
		{A1B2C3D4-7777-4777-8777-777777777777}.Debug|Any CPU.Build.0 = Debug|Any CPU
		{A1B2C3D4-7777-4777-8777-777777777777}.Release|Any CPU.ActiveCfg = Release|Any CPU
		{A1B2C3D4-7777-4777-8777-777777777777}.Release|Any CPU.Build.0 = Release|Any CPU
		{A1B2C3D4-8888-4888-8888-888888888888}.Debug|Any CPU.ActiveCfg = Debug|Any CPU
		{A1B2C3D4-8888-4888-8888-888888888888}.Debug|Any CPU.Build.0 = Debug|Any CPU
		{A1B2C3D4-8888-4888-8888-888888888888}.Release|Any CPU.ActiveCfg = Release|Any CPU
		{A1B2C3D4-8888-4888-8888-888888888888}.Release|Any CPU.Build.0 = Release|Any CPU
		{B2C30001-1919-4A00-9100-000000000001}.Debug|Any CPU.ActiveCfg = Debug|Any CPU
		{B2C30001-1919-4A00-9100-000000000001}.Debug|Any CPU.Build.0 = Debug|Any CPU
		{B2C30001-1919-4A00-9100-000000000001}.Release|Any CPU.ActiveCfg = Release|Any CPU
		{B2C30001-1919-4A00-9100-000000000001}.Release|Any CPU.Build.0 = Release|Any CPU
		{B2C30001-1919-4A00-9100-000000000002}.Debug|Any CPU.ActiveCfg = Debug|Any CPU
		{B2C30001-1919-4A00-9100-000000000002}.Debug|Any CPU.Build.0 = Debug|Any CPU
		{B2C30001-1919-4A00-9100-000000000002}.Release|Any CPU.ActiveCfg = Release|Any CPU
		{B2C30001-1919-4A00-9100-000000000002}.Release|Any CPU.Build.0 = Release|Any CPU
		{B2C30001-1919-4A00-9100-000000000003}.Debug|Any CPU.ActiveCfg = Debug|Any CPU
		{B2C30001-1919-4A00-9100-000000000003}.Debug|Any CPU.Build.0 = Debug|Any CPU
		{B2C30001-1919-4A00-9100-000000000003}.Release|Any CPU.ActiveCfg = Release|Any CPU
		{B2C30001-1919-4A00-9100-000000000003}.Release|Any CPU.Build.0 = Release|Any CPU
		{B2C30001-1919-4A00-9100-000000000004}.Debug|Any CPU.ActiveCfg = Debug|Any CPU
		{B2C30001-1919-4A00-9100-000000000004}.Debug|Any CPU.Build.0 = Debug|Any CPU
		{B2C30001-1919-4A00-9100-000000000004}.Release|Any CPU.ActiveCfg = Release|Any CPU
		{B2C30001-1919-4A00-9100-000000000004}.Release|Any CPU.Build.0 = Release|Any CPU
		{B2C30001-1919-4A00-9100-000000000005}.Debug|Any CPU.ActiveCfg = Debug|Any CPU
		{B2C30001-1919-4A00-9100-000000000005}.Debug|Any CPU.Build.0 = Debug|Any CPU
		{B2C30001-1919-4A00-9100-000000000005}.Release|Any CPU.ActiveCfg = Release|Any CPU
		{B2C30001-1919-4A00-9100-000000000005}.Release|Any CPU.Build.0 = Release|Any CPU
		{B2C30001-1919-4A00-9100-000000000006}.Debug|Any CPU.ActiveCfg = Debug|Any CPU
		{B2C30001-1919-4A00-9100-000000000006}.Debug|Any CPU.Build.0 = Debug|Any CPU
		{B2C30001-1919-4A00-9100-000000000006}.Release|Any CPU.ActiveCfg = Release|Any CPU
		{B2C30001-1919-4A00-9100-000000000006}.Release|Any CPU.Build.0 = Release|Any CPU
		{A1B2C3D4-9999-4999-8999-999999999999}.Debug|Any CPU.ActiveCfg = Debug|Any CPU
		{A1B2C3D4-9999-4999-8999-999999999999}.Debug|Any CPU.Build.0 = Debug|Any CPU
		{A1B2C3D4-9999-4999-8999-999999999999}.Release|Any CPU.ActiveCfg = Release|Any CPU
		{A1B2C3D4-9999-4999-8999-999999999999}.Release|Any CPU.Build.0 = Release|Any CPU
		{D3510001-0000-4A00-8100-000000000001}.Debug|Any CPU.ActiveCfg = Debug|Any CPU
		{D3510001-0000-4A00-8100-000000000001}.Debug|Any CPU.Build.0 = Debug|Any CPU
		{D3510001-0000-4A00-8100-000000000001}.Release|Any CPU.ActiveCfg = Release|Any CPU
		{D3510001-0000-4A00-8100-000000000001}.Release|Any CPU.Build.0 = Release|Any CPU
		{D3510001-0000-4A00-8100-000000000002}.Debug|Any CPU.ActiveCfg = Debug|Any CPU
		{D3510001-0000-4A00-8100-000000000002}.Debug|Any CPU.Build.0 = Debug|Any CPU
		{D3510001-0000-4A00-8100-000000000002}.Release|Any CPU.ActiveCfg = Release|Any CPU
		{D3510001-0000-4A00-8100-000000000002}.Release|Any CPU.Build.0 = Release|Any CPU
		{D3510001-0000-4A00-8100-000000000003}.Debug|Any CPU.ActiveCfg = Debug|Any CPU
		{D3510001-0000-4A00-8100-000000000003}.Debug|Any CPU.Build.0 = Debug|Any CPU
		{D3510001-0000-4A00-8100-000000000003}.Release|Any CPU.ActiveCfg = Release|Any CPU
		{D3510001-0000-4A00-8100-000000000003}.Release|Any CPU.Build.0 = Release|Any CPU
		{D3510001-0000-4A00-8100-000000000004}.Debug|Any CPU.ActiveCfg = Debug|Any CPU
		{D3510001-0000-4A00-8100-000000000004}.Debug|Any CPU.Build.0 = Debug|Any CPU
		{D3510001-0000-4A00-8100-000000000004}.Release|Any CPU.ActiveCfg = Release|Any CPU
		{D3510001-0000-4A00-8100-000000000004}.Release|Any CPU.Build.0 = Release|Any CPU
		{D3510001-0000-4A00-8100-000000000005}.Debug|Any CPU.ActiveCfg = Debug|Any CPU
		{D3510001-0000-4A00-8100-000000000005}.Debug|Any CPU.Build.0 = Debug|Any CPU
		{D3510001-0000-4A00-8100-000000000005}.Release|Any CPU.ActiveCfg = Release|Any CPU
		{D3510001-0000-4A00-8100-000000000005}.Release|Any CPU.Build.0 = Release|Any CPU
		{EE099146-8FD5-4191-9EAF-EE1776FCB25F}.Debug|Any CPU.ActiveCfg = Debug|Any CPU
		{EE099146-8FD5-4191-9EAF-EE1776FCB25F}.Debug|Any CPU.Build.0 = Debug|Any CPU
		{EE099146-8FD5-4191-9EAF-EE1776FCB25F}.Release|Any CPU.ActiveCfg = Release|Any CPU
		{EE099146-8FD5-4191-9EAF-EE1776FCB25F}.Release|Any CPU.Build.0 = Release|Any CPU
		{D7C544B6-FB48-40DE-B7FA-EABB9136B663}.Debug|Any CPU.ActiveCfg = Debug|Any CPU
		{D7C544B6-FB48-40DE-B7FA-EABB9136B663}.Debug|Any CPU.Build.0 = Debug|Any CPU
		{D7C544B6-FB48-40DE-B7FA-EABB9136B663}.Release|Any CPU.ActiveCfg = Release|Any CPU
		{D7C544B6-FB48-40DE-B7FA-EABB9136B663}.Release|Any CPU.Build.0 = Release|Any CPU
		{1F3A9817-B9CE-490C-97A5-DFF386DFB90F}.Debug|Any CPU.ActiveCfg = Debug|Any CPU
		{1F3A9817-B9CE-490C-97A5-DFF386DFB90F}.Debug|Any CPU.Build.0 = Debug|Any CPU
		{1F3A9817-B9CE-490C-97A5-DFF386DFB90F}.Release|Any CPU.ActiveCfg = Release|Any CPU
		{1F3A9817-B9CE-490C-97A5-DFF386DFB90F}.Release|Any CPU.Build.0 = Release|Any CPU
		{00AECE15-A760-4951-9A00-3E6CEDCC6DB7}.Debug|Any CPU.ActiveCfg = Debug|Any CPU
		{00AECE15-A760-4951-9A00-3E6CEDCC6DB7}.Debug|Any CPU.Build.0 = Debug|Any CPU
		{00AECE15-A760-4951-9A00-3E6CEDCC6DB7}.Release|Any CPU.ActiveCfg = Release|Any CPU
		{00AECE15-A760-4951-9A00-3E6CEDCC6DB7}.Release|Any CPU.Build.0 = Release|Any CPU
		{0512098E-1C5C-4161-8BD3-8D0531E173A4}.Debug|Any CPU.ActiveCfg = Debug|Any CPU
		{0512098E-1C5C-4161-8BD3-8D0531E173A4}.Debug|Any CPU.Build.0 = Debug|Any CPU
		{0512098E-1C5C-4161-8BD3-8D0531E173A4}.Release|Any CPU.ActiveCfg = Release|Any CPU
		{0512098E-1C5C-4161-8BD3-8D0531E173A4}.Release|Any CPU.Build.0 = Release|Any CPU
		{C28C9FCA-3FD8-4DB9-9169-86B22F16893D}.Debug|Any CPU.ActiveCfg = Debug|Any CPU
		{C28C9FCA-3FD8-4DB9-9169-86B22F16893D}.Debug|Any CPU.Build.0 = Debug|Any CPU
		{C28C9FCA-3FD8-4DB9-9169-86B22F16893D}.Release|Any CPU.ActiveCfg = Release|Any CPU
		{C28C9FCA-3FD8-4DB9-9169-86B22F16893D}.Release|Any CPU.Build.0 = Release|Any CPU
		{4FD15733-E9CE-49D2-A292-37CC8D9D3D2F}.Debug|Any CPU.ActiveCfg = Debug|Any CPU
		{4FD15733-E9CE-49D2-A292-37CC8D9D3D2F}.Debug|Any CPU.Build.0 = Debug|Any CPU
		{4FD15733-E9CE-49D2-A292-37CC8D9D3D2F}.Release|Any CPU.ActiveCfg = Release|Any CPU
		{4FD15733-E9CE-49D2-A292-37CC8D9D3D2F}.Release|Any CPU.Build.0 = Release|Any CPU
		{46933C94-1C5C-49F9-BB2E-8209AAEF6F9D}.Debug|Any CPU.ActiveCfg = Debug|Any CPU
		{46933C94-1C5C-49F9-BB2E-8209AAEF6F9D}.Debug|Any CPU.Build.0 = Debug|Any CPU
		{46933C94-1C5C-49F9-BB2E-8209AAEF6F9D}.Release|Any CPU.ActiveCfg = Release|Any CPU
		{46933C94-1C5C-49F9-BB2E-8209AAEF6F9D}.Release|Any CPU.Build.0 = Release|Any CPU
		{A0350C16-DC83-45FF-AD4E-78807F1C44D1}.Debug|Any CPU.ActiveCfg = Debug|Any CPU
		{A0350C16-DC83-45FF-AD4E-78807F1C44D1}.Debug|Any CPU.Build.0 = Debug|Any CPU
		{A0350C16-DC83-45FF-AD4E-78807F1C44D1}.Release|Any CPU.ActiveCfg = Release|Any CPU
		{A0350C16-DC83-45FF-AD4E-78807F1C44D1}.Release|Any CPU.Build.0 = Release|Any CPU
		{09A7D289-744A-49C7-B2C4-6034C1F37AED}.Debug|Any CPU.ActiveCfg = Debug|Any CPU
		{09A7D289-744A-49C7-B2C4-6034C1F37AED}.Debug|Any CPU.Build.0 = Debug|Any CPU
		{09A7D289-744A-49C7-B2C4-6034C1F37AED}.Release|Any CPU.ActiveCfg = Release|Any CPU
		{09A7D289-744A-49C7-B2C4-6034C1F37AED}.Release|Any CPU.Build.0 = Release|Any CPU
		{E2B48F5F-642E-44EF-B1CF-3C51BAA701E9}.Debug|Any CPU.ActiveCfg = Debug|Any CPU
		{E2B48F5F-642E-44EF-B1CF-3C51BAA701E9}.Debug|Any CPU.Build.0 = Debug|Any CPU
		{E2B48F5F-642E-44EF-B1CF-3C51BAA701E9}.Release|Any CPU.ActiveCfg = Release|Any CPU
		{E2B48F5F-642E-44EF-B1CF-3C51BAA701E9}.Release|Any CPU.Build.0 = Release|Any CPU
		{3C096E46-6611-42B1-8EA4-7D2E7C4C5B7E}.Debug|Any CPU.ActiveCfg = Debug|Any CPU
		{3C096E46-6611-42B1-8EA4-7D2E7C4C5B7E}.Debug|Any CPU.Build.0 = Debug|Any CPU
		{3C096E46-6611-42B1-8EA4-7D2E7C4C5B7E}.Release|Any CPU.ActiveCfg = Release|Any CPU
		{3C096E46-6611-42B1-8EA4-7D2E7C4C5B7E}.Release|Any CPU.Build.0 = Release|Any CPU
		{46721B74-C025-42A9-B359-A495A2DAD85A}.Debug|Any CPU.ActiveCfg = Debug|Any CPU
		{46721B74-C025-42A9-B359-A495A2DAD85A}.Debug|Any CPU.Build.0 = Debug|Any CPU
		{46721B74-C025-42A9-B359-A495A2DAD85A}.Release|Any CPU.ActiveCfg = Release|Any CPU
		{46721B74-C025-42A9-B359-A495A2DAD85A}.Release|Any CPU.Build.0 = Release|Any CPU
		{8B5C717A-E86C-4E5E-9320-440921F10CE8}.Debug|Any CPU.ActiveCfg = Debug|Any CPU
		{8B5C717A-E86C-4E5E-9320-440921F10CE8}.Debug|Any CPU.Build.0 = Debug|Any CPU
		{8B5C717A-E86C-4E5E-9320-440921F10CE8}.Release|Any CPU.ActiveCfg = Release|Any CPU
		{8B5C717A-E86C-4E5E-9320-440921F10CE8}.Release|Any CPU.Build.0 = Release|Any CPU
		{F6BBADBD-5CF9-43B7-8074-41CF1D659BAD}.Debug|Any CPU.ActiveCfg = Debug|Any CPU
		{F6BBADBD-5CF9-43B7-8074-41CF1D659BAD}.Debug|Any CPU.Build.0 = Debug|Any CPU
		{F6BBADBD-5CF9-43B7-8074-41CF1D659BAD}.Release|Any CPU.ActiveCfg = Release|Any CPU
		{F6BBADBD-5CF9-43B7-8074-41CF1D659BAD}.Release|Any CPU.Build.0 = Release|Any CPU
		{3688771A-2116-4D6F-B2C7-88F678DCE4A4}.Debug|Any CPU.ActiveCfg = Debug|Any CPU
		{3688771A-2116-4D6F-B2C7-88F678DCE4A4}.Debug|Any CPU.Build.0 = Debug|Any CPU
		{3688771A-2116-4D6F-B2C7-88F678DCE4A4}.Release|Any CPU.ActiveCfg = Release|Any CPU
		{3688771A-2116-4D6F-B2C7-88F678DCE4A4}.Release|Any CPU.Build.0 = Release|Any CPU
		{D1D18CCD-F2F5-4617-AC4C-3667138309C9}.Debug|Any CPU.ActiveCfg = Debug|Any CPU
		{D1D18CCD-F2F5-4617-AC4C-3667138309C9}.Debug|Any CPU.Build.0 = Debug|Any CPU
		{D1D18CCD-F2F5-4617-AC4C-3667138309C9}.Release|Any CPU.ActiveCfg = Release|Any CPU
		{D1D18CCD-F2F5-4617-AC4C-3667138309C9}.Release|Any CPU.Build.0 = Release|Any CPU
		{E3B771EC-3A10-4978-A4A4-DB16C313A3DE}.Debug|Any CPU.ActiveCfg = Debug|Any CPU
		{E3B771EC-3A10-4978-A4A4-DB16C313A3DE}.Debug|Any CPU.Build.0 = Debug|Any CPU
		{E3B771EC-3A10-4978-A4A4-DB16C313A3DE}.Release|Any CPU.ActiveCfg = Release|Any CPU
		{E3B771EC-3A10-4978-A4A4-DB16C313A3DE}.Release|Any CPU.Build.0 = Release|Any CPU
	EndGlobalSection
EndGlobal
